{
  "version": 4,
  "terraform_version": "0.12.0",
  "serial": 14,
  "lineage": "296cef70-d630-548c-b895-48d5c9330318",
  "outputs": {},
  "resources": [
    {
      "mode": "data",
      "type": "aws_availability_zones",
      "name": "all",
      "provider": "provider.aws",
      "instances": [
        {
          "schema_version": 0,
          "attributes": {
            "id": "2019-01-15 21:53:14.4999695 +0000 UTC",
            "names": [
              "us-west-1a",
              "us-west-1c"
            ],
            "state": null
          }
        }
      ]
    },
    {
      "mode": "managed",
      "type": "aws_autoscaling_group",
      "name": "example",
      "provider": "provider.aws",
      "instances": []
    },
    {
      "mode": "managed",
      "type": "aws_elb",
      "name": "example",
      "provider": "provider.aws",
      "instances": []
    },
    {
      "mode": "managed",
      "type": "aws_security_group",
      "name": "instance",
      "provider": "provider.aws",
      "instances": [
        {
          "schema_version": 0,
          "attributes": {
            "arn": "arn:aws:ec2:us-west-1:549839028886:security-group/sg-091aa4bb8a82e4081",
            "description": "Managed by Terraform",
            "egress": [],
            "id": "sg-091aa4bb8a82e4081",
            "ingress": [
              {
                "cidr_blocks": [
                  "0.0.0.0/0"
                ],
                "description": "",
                "from_port": 22,
                "ipv6_cidr_blocks": [],
                "prefix_list_ids": [],
                "protocol": "tcp",
                "security_groups": [],
                "self": false,
                "to_port": 22
              },
              {
                "cidr_blocks": [
                  "0.0.0.0/0"
                ],
                "description": "",
                "from_port": 8080,
                "ipv6_cidr_blocks": [],
                "prefix_list_ids": [],
                "protocol": "tcp",
                "security_groups": [],
                "self": false,
                "to_port": 8080
              }
            ],
            "name": "terraform-example-instance",
            "name_prefix": null,
            "owner_id": "549839028886",
            "revoke_rules_on_delete": false,
            "tags": {},
            "vpc_id": "vpc-11c3ea76"
          }
        }
      ]
    }
  ]
}
